
Microsoft Visual Studio Solution File, Format Version 12.00
# Visual Studio 15
VisualStudioVersion = 15.0.27703.1
MinimumVisualStudioVersion = 10.0.40219.1
Project("{FAE04EC0-301F-11D3-BF4B-00C04F79EFBC}") = "HelloWorldAppNETReact", "HelloWorldAppNETReact\HelloWorldAppNETReact.csproj", "{96D9610C-0502-4BD5-85D7-47D2813A8AC8}"
EndProject
Global
	GlobalSection(SolutionConfigurationPlatforms) = preSolution
		Debug|Any CPU = Debug|Any CPU
		Release|Any CPU = Release|Any CPU
	EndGlobalSection
	GlobalSection(ProjectConfigurationPlatforms) = postSolution
		{96D9610C-0502-4BD5-85D7-47D2813A8AC8}.Debug|Any CPU.ActiveCfg = Debug|Any CPU
		{96D9610C-0502-4BD5-85D7-47D2813A8AC8}.Debug|Any CPU.Build.0 = Debug|Any CPU
		{96D9610C-0502-4BD5-85D7-47D2813A8AC8}.Release|Any CPU.ActiveCfg = Release|Any CPU
		{96D9610C-0502-4BD5-85D7-47D2813A8AC8}.Release|Any CPU.Build.0 = Release|Any CPU
	EndGlobalSection
	GlobalSection(SolutionProperties) = preSolution
		HideSolutionNode = FALSE
	EndGlobalSection
	GlobalSection(ExtensibilityGlobals) = postSolution
		SolutionGuid = {C3AADC58-A01E-4818-9616-C4FF4B6BE3C5}
	EndGlobalSection
EndGlobal
